
Microsoft Visual Studio Solution File, Format Version 12.00
# Visual Studio Version 17
VisualStudioVersion = 17.0.31903.59
MinimumVisualStudioVersion = 10.0.40219.1
Project("{FAE04EC0-301F-11D3-BF4B-00C04F79EFBC}") = "DataAccess", "DataAccess\DataAccess.csproj", "{4B3F220B-8107-4CFA-B665-ED91D87C4426}"
EndProject
Project("{FAE04EC0-301F-11D3-BF4B-00C04F79EFBC}") = "Business", "Business\Business.csproj", "{7951A877-6967-4553-81B3-35FAB37686DD}"
EndProject
Project("{FAE04EC0-301F-11D3-BF4B-00C04F79EFBC}") = "Entities", "Entities\Entities.csproj", "{F47C43CD-1B20-4032-89BC-0083C16AAA84}"
EndProject
Project("{FAE04EC0-301F-11D3-BF4B-00C04F79EFBC}") = "ConsoleUI", "ConsoleUI\ConsoleUI.csproj", "{B0AC7350-0469-4B01-AEF0-2D282ED6012A}"
EndProject
Project("{FAE04EC0-301F-11D3-BF4B-00C04F79EFBC}") = "Core", "Core\Core.csproj", "{6C5FA3B9-15B3-422F-A461-5B15E1F8BBAB}"
EndProject
Global
	GlobalSection(SolutionConfigurationPlatforms) = preSolution
		Debug|Any CPU = Debug|Any CPU
		Debug|x64 = Debug|x64
		Debug|x86 = Debug|x86
		Release|Any CPU = Release|Any CPU
		Release|x64 = Release|x64
		Release|x86 = Release|x86
	EndGlobalSection
	GlobalSection(ProjectConfigurationPlatforms) = postSolution
		{4B3F220B-8107-4CFA-B665-ED91D87C4426}.Debug|Any CPU.ActiveCfg = Debug|Any CPU
		{4B3F220B-8107-4CFA-B665-ED91D87C4426}.Debug|Any CPU.Build.0 = Debug|Any CPU
		{4B3F220B-8107-4CFA-B665-ED91D87C4426}.Debug|x64.ActiveCfg = Debug|Any CPU
		{4B3F220B-8107-4CFA-B665-ED91D87C4426}.Debug|x64.Build.0 = Debug|Any CPU
		{4B3F220B-8107-4CFA-B665-ED91D87C4426}.Debug|x86.ActiveCfg = Debug|Any CPU
		{4B3F220B-8107-4CFA-B665-ED91D87C4426}.Debug|x86.Build.0 = Debug|Any CPU
		{4B3F220B-8107-4CFA-B665-ED91D87C4426}.Release|Any CPU.ActiveCfg = Release|Any CPU
		{4B3F220B-8107-4CFA-B665-ED91D87C4426}.Release|Any CPU.Build.0 = Release|Any CPU
		{4B3F220B-8107-4CFA-B665-ED91D87C4426}.Release|x64.ActiveCfg = Release|Any CPU
		{4B3F220B-8107-4CFA-B665-ED91D87C4426}.Release|x64.Build.0 = Release|Any CPU
		{4B3F220B-8107-4CFA-B665-ED91D87C4426}.Release|x86.ActiveCfg = Release|Any CPU
		{4B3F220B-8107-4CFA-B665-ED91D87C4426}.Release|x86.Build.0 = Release|Any CPU
		{7951A877-6967-4553-81B3-35FAB37686DD}.Debug|Any CPU.ActiveCfg = Debug|Any CPU
		{7951A877-6967-4553-81B3-35FAB37686DD}.Debug|Any CPU.Build.0 = Debug|Any CPU
		{7951A877-6967-4553-81B3-35FAB37686DD}.Debug|x64.ActiveCfg = Debug|Any CPU
		{7951A877-6967-4553-81B3-35FAB37686DD}.Debug|x64.Build.0 = Debug|Any CPU
		{7951A877-6967-4553-81B3-35FAB37686DD}.Debug|x86.ActiveCfg = Debug|Any CPU
		{7951A877-6967-4553-81B3-35FAB37686DD}.Debug|x86.Build.0 = Debug|Any CPU
		{7951A877-6967-4553-81B3-35FAB37686DD}.Release|Any CPU.ActiveCfg = Release|Any CPU
		{7951A877-6967-4553-81B3-35FAB37686DD}.Release|Any CPU.Build.0 = Release|Any CPU
		{7951A877-6967-4553-81B3-35FAB37686DD}.Release|x64.ActiveCfg = Release|Any CPU
		{7951A877-6967-4553-81B3-35FAB37686DD}.Release|x64.Build.0 = Release|Any CPU
		{7951A877-6967-4553-81B3-35FAB37686DD}.Release|x86.ActiveCfg = Release|Any CPU
		{7951A877-6967-4553-81B3-35FAB37686DD}.Release|x86.Build.0 = Release|Any CPU
		{F47C43CD-1B20-4032-89BC-0083C16AAA84}.Debug|Any CPU.ActiveCfg = Debug|Any CPU
		{F47C43CD-1B20-4032-89BC-0083C16AAA84}.Debug|Any CPU.Build.0 = Debug|Any CPU
		{F47C43CD-1B20-4032-89BC-0083C16AAA84}.Debug|x64.ActiveCfg = Debug|Any CPU
		{F47C43CD-1B20-4032-89BC-0083C16AAA84}.Debug|x64.Build.0 = Debug|Any CPU
		{F47C43CD-1B20-4032-89BC-0083C16AAA84}.Debug|x86.ActiveCfg = Debug|Any CPU
		{F47C43CD-1B20-4032-89BC-0083C16AAA84}.Debug|x86.Build.0 = Debug|Any CPU
		{F47C43CD-1B20-4032-89BC-0083C16AAA84}.Release|Any CPU.ActiveCfg = Release|Any CPU
		{F47C43CD-1B20-4032-89BC-0083C16AAA84}.Release|Any CPU.Build.0 = Release|Any CPU
		{F47C43CD-1B20-4032-89BC-0083C16AAA84}.Release|x64.ActiveCfg = Release|Any CPU
		{F47C43CD-1B20-4032-89BC-0083C16AAA84}.Release|x64.Build.0 = Release|Any CPU
		{F47C43CD-1B20-4032-89BC-0083C16AAA84}.Release|x86.ActiveCfg = Release|Any CPU
		{F47C43CD-1B20-4032-89BC-0083C16AAA84}.Release|x86.Build.0 = Release|Any CPU
		{B0AC7350-0469-4B01-AEF0-2D282ED6012A}.Debug|Any CPU.ActiveCfg = Debug|Any CPU
		{B0AC7350-0469-4B01-AEF0-2D282ED6012A}.Debug|Any CPU.Build.0 = Debug|Any CPU
		{B0AC7350-0469-4B01-AEF0-2D282ED6012A}.Debug|x64.ActiveCfg = Debug|Any CPU
		{B0AC7350-0469-4B01-AEF0-2D282ED6012A}.Debug|x64.Build.0 = Debug|Any CPU
		{B0AC7350-0469-4B01-AEF0-2D282ED6012A}.Debug|x86.ActiveCfg = Debug|Any CPU
		{B0AC7350-0469-4B01-AEF0-2D282ED6012A}.Debug|x86.Build.0 = Debug|Any CPU
		{B0AC7350-0469-4B01-AEF0-2D282ED6012A}.Release|Any CPU.ActiveCfg = Release|Any CPU
		{B0AC7350-0469-4B01-AEF0-2D282ED6012A}.Release|Any CPU.Build.0 = Release|Any CPU
		{B0AC7350-0469-4B01-AEF0-2D282ED6012A}.Release|x64.ActiveCfg = Release|Any CPU
		{B0AC7350-0469-4B01-AEF0-2D282ED6012A}.Release|x64.Build.0 = Release|Any CPU
		{B0AC7350-0469-4B01-AEF0-2D282ED6012A}.Release|x86.ActiveCfg = Release|Any CPU
		{B0AC7350-0469-4B01-AEF0-2D282ED6012A}.Release|x86.Build.0 = Release|Any CPU
		{6C5FA3B9-15B3-422F-A461-5B15E1F8BBAB}.Debug|Any CPU.ActiveCfg = Debug|Any CPU
		{6C5FA3B9-15B3-422F-A461-5B15E1F8BBAB}.Debug|Any CPU.Build.0 = Debug|Any CPU
		{6C5FA3B9-15B3-422F-A461-5B15E1F8BBAB}.Debug|x64.ActiveCfg = Debug|Any CPU
		{6C5FA3B9-15B3-422F-A461-5B15E1F8BBAB}.Debug|x64.Build.0 = Debug|Any CPU
		{6C5FA3B9-15B3-422F-A461-5B15E1F8BBAB}.Debug|x86.ActiveCfg = Debug|Any CPU
		{6C5FA3B9-15B3-422F-A461-5B15E1F8BBAB}.Debug|x86.Build.0 = Debug|Any CPU
		{6C5FA3B9-15B3-422F-A461-5B15E1F8BBAB}.Release|Any CPU.ActiveCfg = Release|Any CPU
		{6C5FA3B9-15B3-422F-A461-5B15E1F8BBAB}.Release|Any CPU.Build.0 = Release|Any CPU
		{6C5FA3B9-15B3-422F-A461-5B15E1F8BBAB}.Release|x64.ActiveCfg = Release|Any CPU
		{6C5FA3B9-15B3-422F-A461-5B15E1F8BBAB}.Release|x64.Build.0 = Release|Any CPU
		{6C5FA3B9-15B3-422F-A461-5B15E1F8BBAB}.Release|x86.ActiveCfg = Release|Any CPU
		{6C5FA3B9-15B3-422F-A461-5B15E1F8BBAB}.Release|x86.Build.0 = Release|Any CPU
	EndGlobalSection
	GlobalSection(SolutionProperties) = preSolution
		HideSolutionNode = FALSE
	EndGlobalSection
EndGlobal
